
Microsoft Visual Studio Solution File, Format Version 12.00
# Visual Studio Version 16
VisualStudioVersion = 16.0.29609.76
MinimumVisualStudioVersion = 10.0.40219.1
Project("{F184B08F-C81C-45F6-A57F-5ABD9991F28F}") = "Person Form", "Person Form\Person Form.vbproj", "{0E804A9F-27B4-45F1-ABB3-7029C25D329E}"
EndProject
Global
	GlobalSection(SolutionConfigurationPlatforms) = preSolution
		Debug|Any CPU = Debug|Any CPU
		Release|Any CPU = Release|Any CPU
	EndGlobalSection
	GlobalSection(ProjectConfigurationPlatforms) = postSolution
		{0E804A9F-27B4-45F1-ABB3-7029C25D329E}.Debug|Any CPU.ActiveCfg = Debug|Any CPU
		{0E804A9F-27B4-45F1-ABB3-7029C25D329E}.Debug|Any CPU.Build.0 = Debug|Any CPU
		{0E804A9F-27B4-45F1-ABB3-7029C25D329E}.Release|Any CPU.ActiveCfg = Release|Any CPU
		{0E804A9F-27B4-45F1-ABB3-7029C25D329E}.Release|Any CPU.Build.0 = Release|Any CPU
	EndGlobalSection
	GlobalSection(SolutionProperties) = preSolution
		HideSolutionNode = FALSE
	EndGlobalSection
	GlobalSection(ExtensibilityGlobals) = postSolution
		SolutionGuid = {40B9EAE4-5E49-44B8-8E03-881DFCED32F4}
	EndGlobalSection
EndGlobal
